
Microsoft Visual Studio Solution File, Format Version 12.00
# Visual Studio 15
VisualStudioVersion = 15.0.28010.2026
MinimumVisualStudioVersion = 10.0.40219.1
Project("{FAE04EC0-301F-11D3-BF4B-00C04F79EFBC}") = "Chapter 9 Methods", "Chapter 9 Methods\Chapter 9 Methods.csproj", "{5AFD5DE4-2AF0-4C94-8A83-50B0C944B624}"
EndProject
Global
	GlobalSection(SolutionConfigurationPlatforms) = preSolution
		Debug|Any CPU = Debug|Any CPU
		Release|Any CPU = Release|Any CPU
	EndGlobalSection
	GlobalSection(ProjectConfigurationPlatforms) = postSolution
		{5AFD5DE4-2AF0-4C94-8A83-50B0C944B624}.Debug|Any CPU.ActiveCfg = Debug|Any CPU
		{5AFD5DE4-2AF0-4C94-8A83-50B0C944B624}.Debug|Any CPU.Build.0 = Debug|Any CPU
		{5AFD5DE4-2AF0-4C94-8A83-50B0C944B624}.Release|Any CPU.ActiveCfg = Release|Any CPU
		{5AFD5DE4-2AF0-4C94-8A83-50B0C944B624}.Release|Any CPU.Build.0 = Release|Any CPU
	EndGlobalSection
	GlobalSection(SolutionProperties) = preSolution
		HideSolutionNode = FALSE
	EndGlobalSection
	GlobalSection(ExtensibilityGlobals) = postSolution
		SolutionGuid = {53A47B56-56DB-4D36-8EAB-4A8595BB3827}
	EndGlobalSection
EndGlobal
