
Microsoft Visual Studio Solution File, Format Version 12.00
# Visual Studio 15
VisualStudioVersion = 15.0.26430.14
MinimumVisualStudioVersion = 10.0.40219.1
Project("{FAE04EC0-301F-11D3-BF4B-00C04F79EFBC}") = "Chapter 12 Exception Handling", "Chapter 12 Exception Handling\Chapter 12 Exception Handling.csproj", "{E23BD3D6-25B1-464A-AF8D-97843E17BB4A}"
EndProject
Global
	GlobalSection(SolutionConfigurationPlatforms) = preSolution
		Debug|Any CPU = Debug|Any CPU
		Release|Any CPU = Release|Any CPU
	EndGlobalSection
	GlobalSection(ProjectConfigurationPlatforms) = postSolution
		{E23BD3D6-25B1-464A-AF8D-97843E17BB4A}.Debug|Any CPU.ActiveCfg = Debug|Any CPU
		{E23BD3D6-25B1-464A-AF8D-97843E17BB4A}.Debug|Any CPU.Build.0 = Debug|Any CPU
		{E23BD3D6-25B1-464A-AF8D-97843E17BB4A}.Release|Any CPU.ActiveCfg = Release|Any CPU
		{E23BD3D6-25B1-464A-AF8D-97843E17BB4A}.Release|Any CPU.Build.0 = Release|Any CPU
	EndGlobalSection
	GlobalSection(SolutionProperties) = preSolution
		HideSolutionNode = FALSE
	EndGlobalSection
EndGlobal
