
Microsoft Visual Studio Solution File, Format Version 12.00
# Visual Studio 15
VisualStudioVersion = 15.0.27703.2035
MinimumVisualStudioVersion = 10.0.40219.1
Project("{FAE04EC0-301F-11D3-BF4B-00C04F79EFBC}") = "Chapter 1 Introduction to Programming", "Chapter 1 Introduction to Programming\Chapter 1 Introduction to Programming.csproj", "{2F0340E6-2779-46B2-BBAE-7BFB3CE69F3B}"
EndProject
Global
	GlobalSection(SolutionConfigurationPlatforms) = preSolution
		Debug|Any CPU = Debug|Any CPU
		Release|Any CPU = Release|Any CPU
	EndGlobalSection
	GlobalSection(ProjectConfigurationPlatforms) = postSolution
		{2F0340E6-2779-46B2-BBAE-7BFB3CE69F3B}.Debug|Any CPU.ActiveCfg = Debug|Any CPU
		{2F0340E6-2779-46B2-BBAE-7BFB3CE69F3B}.Debug|Any CPU.Build.0 = Debug|Any CPU
		{2F0340E6-2779-46B2-BBAE-7BFB3CE69F3B}.Release|Any CPU.ActiveCfg = Release|Any CPU
		{2F0340E6-2779-46B2-BBAE-7BFB3CE69F3B}.Release|Any CPU.Build.0 = Release|Any CPU
	EndGlobalSection
	GlobalSection(SolutionProperties) = preSolution
		HideSolutionNode = FALSE
	EndGlobalSection
	GlobalSection(ExtensibilityGlobals) = postSolution
		SolutionGuid = {2C5AD01D-617F-4CA2-BAFD-7E60CE692F0E}
	EndGlobalSection
EndGlobal
